// !$*UTF8*$!
{
	archiveVersion = 1;
	classes = {
	};
	objectVersion = 50;
	objects = {

/* Begin PBXBuildFile section */
		421399ED222850CE00AFA9B6 /* PunchlineViewController.swift in Sources */ = {isa = PBXBuildFile; fileRef = 421399EC222850CE00AFA9B6 /* PunchlineViewController.swift */; };
		42DDA92E22245C2B00A2B66C /* AppDelegate.swift in Sources */ = {isa = PBXBuildFile; fileRef = 42DDA92D22245C2B00A2B66C /* AppDelegate.swift */; };
		42DDA93022245C2B00A2B66C /* SoucesViewController.swift in Sources */ = {isa = PBXBuildFile; fileRef = 42DDA92F22245C2B00A2B66C /* SoucesViewController.swift */; };
		42DDA93322245C2B00A2B66C /* Main.storyboard in Resources */ = {isa = PBXBuildFile; fileRef = 42DDA93122245C2B00A2B66C /* Main.storyboard */; };
		42DDA93522245C3000A2B66C /* Assets.xcassets in Resources */ = {isa = PBXBuildFile; fileRef = 42DDA93422245C3000A2B66C /* Assets.xcassets */; };
		42DDA93822245C3000A2B66C /* LaunchScreen.storyboard in Resources */ = {isa = PBXBuildFile; fileRef = 42DDA93622245C3000A2B66C /* LaunchScreen.storyboard */; };
		42DDA9402224611200A2B66C /* SwiftyJSON.swift in Sources */ = {isa = PBXBuildFile; fileRef = 42DDA93F2224611200A2B66C /* SwiftyJSON.swift */; };
/* End PBXBuildFile section */

/* Begin PBXFileReference section */
		421399EC222850CE00AFA9B6 /* PunchlineViewController.swift */ = {isa = PBXFileReference; lastKnownFileType = sourcecode.swift; path = PunchlineViewController.swift; sourceTree = "<group>"; };
		42DDA92A22245C2B00A2B66C /* TriviaQuestions.app */ = {isa = PBXFileReference; explicitFileType = wrapper.application; includeInIndex = 0; path = TriviaQuestions.app; sourceTree = BUILT_PRODUCTS_DIR; };
		42DDA92D22245C2B00A2B66C /* AppDelegate.swift */ = {isa = PBXFileReference; lastKnownFileType = sourcecode.swift; path = AppDelegate.swift; sourceTree = "<group>"; };
		42DDA92F22245C2B00A2B66C /* SoucesViewController.swift */ = {isa = PBXFileReference; lastKnownFileType = sourcecode.swift; path = SoucesViewController.swift; sourceTree = "<group>"; };
		42DDA93222245C2B00A2B66C /* Base */ = {isa = PBXFileReference; lastKnownFileType = file.storyboard; name = Base; path = Base.lproj/Main.storyboard; sourceTree = "<group>"; };
		42DDA93422245C3000A2B66C /* Assets.xcassets */ = {isa = PBXFileReference; lastKnownFileType = folder.assetcatalog; path = Assets.xcassets; sourceTree = "<group>"; };
		42DDA93722245C3000A2B66C /* Base */ = {isa = PBXFileReference; lastKnownFileType = file.storyboard; name = Base; path = Base.lproj/LaunchScreen.storyboard; sourceTree = "<group>"; };
		42DDA93922245C3000A2B66C /* Info.plist */ = {isa = PBXFileReference; lastKnownFileType = text.plist.xml; path = Info.plist; sourceTree = "<group>"; };
		42DDA93F2224611200A2B66C /* SwiftyJSON.swift */ = {isa = PBXFileReference; fileEncoding = 4; lastKnownFileType = sourcecode.swift; path = SwiftyJSON.swift; sourceTree = "<group>"; };
/* End PBXFileReference section */

/* Begin PBXFrameworksBuildPhase section */
		42DDA92722245C2B00A2B66C /* Frameworks */ = {
			isa = PBXFrameworksBuildPhase;
			buildActionMask = 2147483647;
			files = (
			);
			runOnlyForDeploymentPostprocessing = 0;
		};
/* End PBXFrameworksBuildPhase section */

/* Begin PBXGroup section */
		42DDA92122245C2B00A2B66C = {
			isa = PBXGroup;
			children = (
				42DDA92C22245C2B00A2B66C /* TriviaQuestions */,
				42DDA92B22245C2B00A2B66C /* Products */,
			);
			sourceTree = "<group>";
		};
		42DDA92B22245C2B00A2B66C /* Products */ = {
			isa = PBXGroup;
			children = (
				42DDA92A22245C2B00A2B66C /* TriviaQuestions.app */,
			);
			name = Products;
			sourceTree = "<group>";
		};
		42DDA92C22245C2B00A2B66C /* TriviaQuestions */ = {
			isa = PBXGroup;
			children = (
				42DDA92D22245C2B00A2B66C /* AppDelegate.swift */,
				421399EC222850CE00AFA9B6 /* PunchlineViewController.swift */,
				42DDA92F22245C2B00A2B66C /* SoucesViewController.swift */,
				42DDA93122245C2B00A2B66C /* Main.storyboard */,
				42DDA93422245C3000A2B66C /* Assets.xcassets */,
				42DDA93622245C3000A2B66C /* LaunchScreen.storyboard */,
				42DDA93922245C3000A2B66C /* Info.plist */,
				42DDA93F2224611200A2B66C /* SwiftyJSON.swift */,
			);
			path = TriviaQuestions;
			sourceTree = "<group>";
		};
/* End PBXGroup section */

/* Begin PBXNativeTarget section */
		42DDA92922245C2B00A2B66C /* TriviaQuestions */ = {
			isa = PBXNativeTarget;
			buildConfigurationList = 42DDA93C22245C3000A2B66C /* Build configuration list for PBXNativeTarget "TriviaQuestions" */;
			buildPhases = (
				42DDA92622245C2B00A2B66C /* Sources */,
				42DDA92722245C2B00A2B66C /* Frameworks */,
				42DDA92822245C2B00A2B66C /* Resources */,
			);
			buildRules = (
			);
			dependencies = (
			);
			name = TriviaQuestions;
			productName = TriviaQuestions;
			productReference = 42DDA92A22245C2B00A2B66C /* TriviaQuestions.app */;
			productType = "com.apple.product-type.application";
		};
/* End PBXNativeTarget section */

/* Begin PBXProject section */
		42DDA92222245C2B00A2B66C /* Project object */ = {
			isa = PBXProject;
			attributes = {
				LastSwiftUpdateCheck = 1000;
				LastUpgradeCheck = 1000;
				ORGANIZATIONNAME = SomeAweApps;
				TargetAttributes = {
					42DDA92922245C2B00A2B66C = {
						CreatedOnToolsVersion = 10.0;
					};
				};
			};
			buildConfigurationList = 42DDA92522245C2B00A2B66C /* Build configuration list for PBXProject "TriviaQuestions" */;
			compatibilityVersion = "Xcode 9.3";
			developmentRegion = en;
			hasScannedForEncodings = 0;
			knownRegions = (
				en,
				Base,
			);
			mainGroup = 42DDA92122245C2B00A2B66C;
			productRefGroup = 42DDA92B22245C2B00A2B66C /* Products */;
			projectDirPath = "";
			projectRoot = "";
			targets = (
				42DDA92922245C2B00A2B66C /* TriviaQuestions */,
			);
		};
/* End PBXProject section */

/* Begin PBXResourcesBuildPhase section */
		42DDA92822245C2B00A2B66C /* Resources */ = {
			isa = PBXResourcesBuildPhase;
			buildActionMask = 2147483647;
			files = (
				42DDA93822245C3000A2B66C /* LaunchScreen.storyboard in Resources */,
				42DDA93522245C3000A2B66C /* Assets.xcassets in Resources */,
				42DDA93322245C2B00A2B66C /* Main.storyboard in Resources */,
			);
			runOnlyForDeploymentPostprocessing = 0;
		};
/* End PBXResourcesBuildPhase section */

/* Begin PBXSourcesBuildPhase section */
		42DDA92622245C2B00A2B66C /* Sources */ = {
			isa = PBXSourcesBuildPhase;
			buildActionMask = 2147483647;
			files = (
				42DDA9402224611200A2B66C /* SwiftyJSON.swift in Sources */,
				421399ED222850CE00AFA9B6 /* PunchlineViewController.swift in Sources */,
				42DDA93022245C2B00A2B66C /* SoucesViewController.swift in Sources */,
				42DDA92E22245C2B00A2B66C /* AppDelegate.swift in Sources */,
			);
			runOnlyForDeploymentPostprocessing = 0;
		};
/* End PBXSourcesBuildPhase section */

/* Begin PBXVariantGroup section */
		42DDA93122245C2B00A2B66C /* Main.storyboard */ = {
			isa = PBXVariantGroup;
			children = (
				42DDA93222245C2B00A2B66C /* Base */,
			);
			name = Main.storyboard;
			sourceTree = "<group>";
		};
		42DDA93622245C3000A2B66C /* LaunchScreen.storyboard */ = {
			isa = PBXVariantGroup;
			children = (
				42DDA93722245C3000A2B66C /* Base */,
			);
			name = LaunchScreen.storyboard;
			sourceTree = "<group>";
		};
/* End PBXVariantGroup section */

/* Begin XCBuildConfiguration section */
		42DDA93A22245C3000A2B66C /* Debug */ = {
			isa = XCBuildConfiguration;
			buildSettings = {
				ALWAYS_SEARCH_USER_PATHS = NO;
				CLANG_ANALYZER_NONNULL = YES;
				CLANG_ANALYZER_NUMBER_OBJECT_CONVERSION = YES_AGGRESSIVE;
				CLANG_CXX_LANGUAGE_STANDARD = "gnu++14";
				CLANG_CXX_LIBRARY = "libc++";
				CLANG_ENABLE_MODULES = YES;
				CLANG_ENABLE_OBJC_ARC = YES;
				CLANG_ENABLE_OBJC_WEAK = YES;
				CLANG_WARN_BLOCK_CAPTURE_AUTORELEASING = YES;
				CLANG_WARN_BOOL_CONVERSION = YES;
				CLANG_WARN_COMMA = YES;
				CLANG_WARN_CONSTANT_CONVERSION = YES;
				CLANG_WARN_DEPRECATED_OBJC_IMPLEMENTATIONS = YES;
				CLANG_WARN_DIRECT_OBJC_ISA_USAGE = YES_ERROR;
				CLANG_WARN_DOCUMENTATION_COMMENTS = YES;
				CLANG_WARN_EMPTY_BODY = YES;
				CLANG_WARN_ENUM_CONVERSION = YES;
				CLANG_WARN_INFINITE_RECURSION = YES;
				CLANG_WARN_INT_CONVERSION = YES;
				CLANG_WARN_NON_LITERAL_NULL_CONVERSION = YES;
				CLANG_WARN_OBJC_IMPLICIT_RETAIN_SELF = YES;
				CLANG_WARN_OBJC_LITERAL_CONVERSION = YES;
				CLANG_WARN_OBJC_ROOT_CLASS = YES_ERROR;
				CLANG_WARN_RANGE_LOOP_ANALYSIS = YES;
				CLANG_WARN_STRICT_PROTOTYPES = YES;
				CLANG_WARN_SUSPICIOUS_MOVE = YES;
				CLANG_WARN_UNGUARDED_AVAILABILITY = YES_AGGRESSIVE;
				CLANG_WARN_UNREACHABLE_CODE = YES;
				CLANG_WARN__DUPLICATE_METHOD_MATCH = YES;
				CODE_SIGN_IDENTITY = "iPhone Developer";
				COPY_PHASE_STRIP = NO;
				DEBUG_INFORMATION_FORMAT = dwarf;
				ENABLE_STRICT_OBJC_MSGSEND = YES;
				ENABLE_TESTABILITY = YES;
				GCC_C_LANGUAGE_STANDARD = gnu11;
				GCC_DYNAMIC_NO_PIC = NO;
				GCC_NO_COMMON_BLOCKS = YES;
				GCC_OPTIMIZATION_LEVEL = 0;
				GCC_PREPROCESSOR_DEFINITIONS = (
					"DEBUG=1",
					"$(inherited)",
				);
				GCC_WARN_64_TO_32_BIT_CONVERSION = YES;
				GCC_WARN_ABOUT_RETURN_TYPE = YES_ERROR;
				GCC_WARN_UNDECLARED_SELECTOR = YES;
				GCC_WARN_UNINITIALIZED_AUTOS = YES_AGGRESSIVE;
				GCC_WARN_UNUSED_FUNCTION = YES;
				GCC_WARN_UNUSED_VARIABLE = YES;
				IPHONEOS_DEPLOYMENT_TARGET = 12.0;
				MTL_ENABLE_DEBUG_INFO = INCLUDE_SOURCE;
				MTL_FAST_MATH = YES;
				ONLY_ACTIVE_ARCH = YES;
				SDKROOT = iphoneos;
				SWIFT_ACTIVE_COMPILATION_CONDITIONS = DEBUG;
				SWIFT_OPTIMIZATION_LEVEL = "-Onone";
			};
			name = Debug;
		};
		42DDA93B22245C3000A2B66C /* Release */ = {
			isa = XCBuildConfiguration;
			buildSettings = {
				ALWAYS_SEARCH_USER_PATHS = NO;
				CLANG_ANALYZER_NONNULL = YES;
				CLANG_ANALYZER_NUMBER_OBJECT_CONVERSION = YES_AGGRESSIVE;
				CLANG_CXX_LANGUAGE_STANDARD = "gnu++14";
				CLANG_CXX_LIBRARY = "libc++";
				CLANG_ENABLE_MODULES = YES;
				CLANG_ENABLE_OBJC_ARC = YES;
				CLANG_ENABLE_OBJC_WEAK = YES;
				CLANG_WARN_BLOCK_CAPTURE_AUTORELEASING = YES;
				CLANG_WARN_BOOL_CONVERSION = YES;
				CLANG_WARN_COMMA = YES;
				CLANG_WARN_CONSTANT_CONVERSION = YES;
				CLANG_WARN_DEPRECATED_OBJC_IMPLEMENTATIONS = YES;
				CLANG_WARN_DIRECT_OBJC_ISA_USAGE = YES_ERROR;
				CLANG_WARN_DOCUMENTATION_COMMENTS = YES;
				CLANG_WARN_EMPTY_BODY = YES;
				CLANG_WARN_ENUM_CONVERSION = YES;
				CLANG_WARN_INFINITE_RECURSION = YES;
				CLANG_WARN_INT_CONVERSION = YES;
				CLANG_WARN_NON_LITERAL_NULL_CONVERSION = YES;
				CLANG_WARN_OBJC_IMPLICIT_RETAIN_SELF = YES;
				CLANG_WARN_OBJC_LITERAL_CONVERSION = YES;
				CLANG_WARN_OBJC_ROOT_CLASS = YES_ERROR;
				CLANG_WARN_RANGE_LOOP_ANALYSIS = YES;
				CLANG_WARN_STRICT_PROTOTYPES = YES;
				CLANG_WARN_SUSPICIOUS_MOVE = YES;
				CLANG_WARN_UNGUARDED_AVAILABILITY = YES_AGGRESSIVE;
				CLANG_WARN_UNREACHABLE_CODE = YES;
				CLANG_WARN__DUPLICATE_METHOD_MATCH = YES;
				CODE_SIGN_IDENTITY = "iPhone Developer";
				COPY_PHASE_STRIP = NO;
				DEBUG_INFORMATION_FORMAT = "dwarf-with-dsym";
				ENABLE_NS_ASSERTIONS = NO;
				ENABLE_STRICT_OBJC_MSGSEND = YES;
				GCC_C_LANGUAGE_STANDARD = gnu11;
				GCC_NO_COMMON_BLOCKS = YES;
				GCC_WARN_64_TO_32_BIT_CONVERSION = YES;
				GCC_WARN_ABOUT_RETURN_TYPE = YES_ERROR;
				GCC_WARN_UNDECLARED_SELECTOR = YES;
				GCC_WARN_UNINITIALIZED_AUTOS = YES_AGGRESSIVE;
				GCC_WARN_UNUSED_FUNCTION = YES;
				GCC_WARN_UNUSED_VARIABLE = YES;
				IPHONEOS_DEPLOYMENT_TARGET = 12.0;
				MTL_ENABLE_DEBUG_INFO = NO;
				MTL_FAST_MATH = YES;
				SDKROOT = iphoneos;
				SWIFT_COMPILATION_MODE = wholemodule;
				SWIFT_OPTIMIZATION_LEVEL = "-O";
				VALIDATE_PRODUCT = YES;
			};
			name = Release;
		};
		42DDA93D22245C3000A2B66C /* Debug */ = {
			isa = XCBuildConfiguration;
			buildSettings = {
				ASSETCATALOG_COMPILER_APPICON_NAME = AppIcon;
				CODE_SIGN_STYLE = Automatic;
				DEVELOPMENT_TEAM = T2U53GFA9U;
				INFOPLIST_FILE = TriviaQuestions/Info.plist;
				LD_RUNPATH_SEARCH_PATHS = (
					"$(inherited)",
					"@executable_path/Frameworks",
				);
				PRODUCT_BUNDLE_IDENTIFIER = start.TriviaQuestions;
				PRODUCT_NAME = "$(TARGET_NAME)";
				SWIFT_VERSION = 4.2;
				TARGETED_DEVICE_FAMILY = "1,2";
			};
			name = Debug;
		};
		42DDA93E22245C3000A2B66C /* Release */ = {
			isa = XCBuildConfiguration;
			buildSettings = {
				ASSETCATALOG_COMPILER_APPICON_NAME = AppIcon;
				CODE_SIGN_STYLE = Automatic;
				DEVELOPMENT_TEAM = T2U53GFA9U;
				INFOPLIST_FILE = TriviaQuestions/Info.plist;
				LD_RUNPATH_SEARCH_PATHS = (
					"$(inherited)",
					"@executable_path/Frameworks",
				);
				PRODUCT_BUNDLE_IDENTIFIER = start.TriviaQuestions;
				PRODUCT_NAME = "$(TARGET_NAME)";
				SWIFT_VERSION = 4.2;
				TARGETED_DEVICE_FAMILY = "1,2";
			};
			name = Release;
		};
/* End XCBuildConfiguration section */

/* Begin XCConfigurationList section */
		42DDA92522245C2B00A2B66C /* Build configuration list for PBXProject "TriviaQuestions" */ = {
			isa = XCConfigurationList;
			buildConfigurations = (
				42DDA93A22245C3000A2B66C /* Debug */,
				42DDA93B22245C3000A2B66C /* Release */,
			);
			defaultConfigurationIsVisible = 0;
			defaultConfigurationName = Release;
		};
		42DDA93C22245C3000A2B66C /* Build configuration list for PBXNativeTarget "TriviaQuestions" */ = {
			isa = XCConfigurationList;
			buildConfigurations = (
				42DDA93D22245C3000A2B66C /* Debug */,
				42DDA93E22245C3000A2B66C /* Release */,
			);
			defaultConfigurationIsVisible = 0;
			defaultConfigurationName = Release;
		};
/* End XCConfigurationList section */
	};
	rootObject = 42DDA92222245C2B00A2B66C /* Project object */;
}
